// !$*UTF8*$!
{
	archiveVersion = 1;
	classes = {
	};
	objectVersion = 46;
	objects = {

/* Begin PBXBuildFile section */
		7C5C17E41DAC272D00E48424 /* AppDelegate.swift in Sources */ = {isa = PBXBuildFile; fileRef = 7C5C17E31DAC272D00E48424 /* AppDelegate.swift */; };
		7C5C17E61DAC272D00E48424 /* GameScene.sks in Resources */ = {isa = PBXBuildFile; fileRef = 7C5C17E51DAC272D00E48424 /* GameScene.sks */; };
		7C5C17E81DAC272D00E48424 /* Actions.sks in Resources */ = {isa = PBXBuildFile; fileRef = 7C5C17E71DAC272D00E48424 /* Actions.sks */; };
		7C5C17EA1DAC272D00E48424 /* GameScene.swift in Sources */ = {isa = PBXBuildFile; fileRef = 7C5C17E91DAC272D00E48424 /* GameScene.swift */; };
		7C5C17EC1DAC272D00E48424 /* GameViewController.swift in Sources */ = {isa = PBXBuildFile; fileRef = 7C5C17EB1DAC272D00E48424 /* GameViewController.swift */; };
		7C5C17EF1DAC272E00E48424 /* Main.storyboard in Resources */ = {isa = PBXBuildFile; fileRef = 7C5C17ED1DAC272D00E48424 /* Main.storyboard */; };
		7C5C17F11DAC272E00E48424 /* Assets.xcassets in Resources */ = {isa = PBXBuildFile; fileRef = 7C5C17F01DAC272E00E48424 /* Assets.xcassets */; };
		7C5C17F41DAC272E00E48424 /* LaunchScreen.storyboard in Resources */ = {isa = PBXBuildFile; fileRef = 7C5C17F21DAC272E00E48424 /* LaunchScreen.storyboard */; };
		7C6EE49A1DB6D16A000CE0FC /* CGFloat+Extensions.swift in Sources */ = {isa = PBXBuildFile; fileRef = 7C6EE48E1DB6D16A000CE0FC /* CGFloat+Extensions.swift */; };
		7C6EE49B1DB6D16A000CE0FC /* CGPoint+Extensions.swift in Sources */ = {isa = PBXBuildFile; fileRef = 7C6EE48F1DB6D16A000CE0FC /* CGPoint+Extensions.swift */; };
		7C6EE49C1DB6D16A000CE0FC /* CGVector+Extensions.swift in Sources */ = {isa = PBXBuildFile; fileRef = 7C6EE4901DB6D16A000CE0FC /* CGVector+Extensions.swift */; };
		7C6EE49D1DB6D16A000CE0FC /* Int+Extensions.swift in Sources */ = {isa = PBXBuildFile; fileRef = 7C6EE4911DB6D16A000CE0FC /* Int+Extensions.swift */; };
		7C6EE49E1DB6D16A000CE0FC /* SKAction+Extensions.swift in Sources */ = {isa = PBXBuildFile; fileRef = 7C6EE4921DB6D16A000CE0FC /* SKAction+Extensions.swift */; };
		7C6EE49F1DB6D16A000CE0FC /* SKAction+SpecialEffects.swift in Sources */ = {isa = PBXBuildFile; fileRef = 7C6EE4931DB6D16A000CE0FC /* SKAction+SpecialEffects.swift */; };
		7C6EE4A01DB6D16A000CE0FC /* SKColor+Extensions.swift in Sources */ = {isa = PBXBuildFile; fileRef = 7C6EE4941DB6D16A000CE0FC /* SKColor+Extensions.swift */; };
		7C6EE4A11DB6D16A000CE0FC /* SKNode+Extensions.swift in Sources */ = {isa = PBXBuildFile; fileRef = 7C6EE4951DB6D16A000CE0FC /* SKNode+Extensions.swift */; };
		7C6EE4A21DB6D16A000CE0FC /* SKTAudio.swift in Sources */ = {isa = PBXBuildFile; fileRef = 7C6EE4961DB6D16A000CE0FC /* SKTAudio.swift */; };
		7C6EE4A31DB6D16A000CE0FC /* SKTEffects.swift in Sources */ = {isa = PBXBuildFile; fileRef = 7C6EE4971DB6D16A000CE0FC /* SKTEffects.swift */; };
		7C6EE4A41DB6D16A000CE0FC /* SKTTimingFunctions.swift in Sources */ = {isa = PBXBuildFile; fileRef = 7C6EE4981DB6D16A000CE0FC /* SKTTimingFunctions.swift */; };
		7C6EE4A51DB6D16A000CE0FC /* Vector3.swift in Sources */ = {isa = PBXBuildFile; fileRef = 7C6EE4991DB6D16A000CE0FC /* Vector3.swift */; };
/* End PBXBuildFile section */

/* Begin PBXFileReference section */
		7C5C17E01DAC272D00E48424 /* History Building.app */ = {isa = PBXFileReference; explicitFileType = wrapper.application; includeInIndex = 0; path = "History Building.app"; sourceTree = BUILT_PRODUCTS_DIR; };
		7C5C17E31DAC272D00E48424 /* AppDelegate.swift */ = {isa = PBXFileReference; lastKnownFileType = sourcecode.swift; path = AppDelegate.swift; sourceTree = "<group>"; };
		7C5C17E51DAC272D00E48424 /* GameScene.sks */ = {isa = PBXFileReference; lastKnownFileType = file.sks; path = GameScene.sks; sourceTree = "<group>"; };
		7C5C17E71DAC272D00E48424 /* Actions.sks */ = {isa = PBXFileReference; lastKnownFileType = file.sks; path = Actions.sks; sourceTree = "<group>"; };
		7C5C17E91DAC272D00E48424 /* GameScene.swift */ = {isa = PBXFileReference; lastKnownFileType = sourcecode.swift; path = GameScene.swift; sourceTree = "<group>"; };
		7C5C17EB1DAC272D00E48424 /* GameViewController.swift */ = {isa = PBXFileReference; lastKnownFileType = sourcecode.swift; path = GameViewController.swift; sourceTree = "<group>"; };
		7C5C17EE1DAC272D00E48424 /* Base */ = {isa = PBXFileReference; lastKnownFileType = file.storyboard; name = Base; path = Base.lproj/Main.storyboard; sourceTree = "<group>"; };
		7C5C17F01DAC272E00E48424 /* Assets.xcassets */ = {isa = PBXFileReference; lastKnownFileType = folder.assetcatalog; path = Assets.xcassets; sourceTree = "<group>"; };
		7C5C17F31DAC272E00E48424 /* Base */ = {isa = PBXFileReference; lastKnownFileType = file.storyboard; name = Base; path = Base.lproj/LaunchScreen.storyboard; sourceTree = "<group>"; };
		7C5C17F51DAC272E00E48424 /* Info.plist */ = {isa = PBXFileReference; lastKnownFileType = text.plist.xml; path = Info.plist; sourceTree = "<group>"; };
		7C6EE48E1DB6D16A000CE0FC /* CGFloat+Extensions.swift */ = {isa = PBXFileReference; fileEncoding = 4; lastKnownFileType = sourcecode.swift; path = "CGFloat+Extensions.swift"; sourceTree = "<group>"; };
		7C6EE48F1DB6D16A000CE0FC /* CGPoint+Extensions.swift */ = {isa = PBXFileReference; fileEncoding = 4; lastKnownFileType = sourcecode.swift; path = "CGPoint+Extensions.swift"; sourceTree = "<group>"; };
		7C6EE4901DB6D16A000CE0FC /* CGVector+Extensions.swift */ = {isa = PBXFileReference; fileEncoding = 4; lastKnownFileType = sourcecode.swift; path = "CGVector+Extensions.swift"; sourceTree = "<group>"; };
		7C6EE4911DB6D16A000CE0FC /* Int+Extensions.swift */ = {isa = PBXFileReference; fileEncoding = 4; lastKnownFileType = sourcecode.swift; path = "Int+Extensions.swift"; sourceTree = "<group>"; };
		7C6EE4921DB6D16A000CE0FC /* SKAction+Extensions.swift */ = {isa = PBXFileReference; fileEncoding = 4; lastKnownFileType = sourcecode.swift; path = "SKAction+Extensions.swift"; sourceTree = "<group>"; };
		7C6EE4931DB6D16A000CE0FC /* SKAction+SpecialEffects.swift */ = {isa = PBXFileReference; fileEncoding = 4; lastKnownFileType = sourcecode.swift; path = "SKAction+SpecialEffects.swift"; sourceTree = "<group>"; };
		7C6EE4941DB6D16A000CE0FC /* SKColor+Extensions.swift */ = {isa = PBXFileReference; fileEncoding = 4; lastKnownFileType = sourcecode.swift; path = "SKColor+Extensions.swift"; sourceTree = "<group>"; };
		7C6EE4951DB6D16A000CE0FC /* SKNode+Extensions.swift */ = {isa = PBXFileReference; fileEncoding = 4; lastKnownFileType = sourcecode.swift; path = "SKNode+Extensions.swift"; sourceTree = "<group>"; };
		7C6EE4961DB6D16A000CE0FC /* SKTAudio.swift */ = {isa = PBXFileReference; fileEncoding = 4; lastKnownFileType = sourcecode.swift; path = SKTAudio.swift; sourceTree = "<group>"; };
		7C6EE4971DB6D16A000CE0FC /* SKTEffects.swift */ = {isa = PBXFileReference; fileEncoding = 4; lastKnownFileType = sourcecode.swift; path = SKTEffects.swift; sourceTree = "<group>"; };
		7C6EE4981DB6D16A000CE0FC /* SKTTimingFunctions.swift */ = {isa = PBXFileReference; fileEncoding = 4; lastKnownFileType = sourcecode.swift; path = SKTTimingFunctions.swift; sourceTree = "<group>"; };
		7C6EE4991DB6D16A000CE0FC /* Vector3.swift */ = {isa = PBXFileReference; fileEncoding = 4; lastKnownFileType = sourcecode.swift; path = Vector3.swift; sourceTree = "<group>"; };
/* End PBXFileReference section */

/* Begin PBXFrameworksBuildPhase section */
		7C5C17DD1DAC272D00E48424 /* Frameworks */ = {
			isa = PBXFrameworksBuildPhase;
			buildActionMask = 2147483647;
			files = (
			);
			runOnlyForDeploymentPostprocessing = 0;
		};
/* End PBXFrameworksBuildPhase section */

/* Begin PBXGroup section */
		7C5C17D71DAC272D00E48424 = {
			isa = PBXGroup;
			children = (
				7C5C17E21DAC272D00E48424 /* History Building */,
				7C5C17E11DAC272D00E48424 /* Products */,
			);
			sourceTree = "<group>";
		};
		7C5C17E11DAC272D00E48424 /* Products */ = {
			isa = PBXGroup;
			children = (
				7C5C17E01DAC272D00E48424 /* History Building.app */,
			);
			name = Products;
			sourceTree = "<group>";
		};
		7C5C17E21DAC272D00E48424 /* History Building */ = {
			isa = PBXGroup;
			children = (
				7C6EE48D1DB6D16A000CE0FC /* SKTUtils */,
				7C5C17E31DAC272D00E48424 /* AppDelegate.swift */,
				7C5C17E51DAC272D00E48424 /* GameScene.sks */,
				7C5C17E71DAC272D00E48424 /* Actions.sks */,
				7C5C17E91DAC272D00E48424 /* GameScene.swift */,
				7C5C17EB1DAC272D00E48424 /* GameViewController.swift */,
				7C5C17ED1DAC272D00E48424 /* Main.storyboard */,
				7C5C17F01DAC272E00E48424 /* Assets.xcassets */,
				7C5C17F21DAC272E00E48424 /* LaunchScreen.storyboard */,
				7C5C17F51DAC272E00E48424 /* Info.plist */,
			);
			path = "History Building";
			sourceTree = "<group>";
		};
		7C6EE48D1DB6D16A000CE0FC /* SKTUtils */ = {
			isa = PBXGroup;
			children = (
				7C6EE48E1DB6D16A000CE0FC /* CGFloat+Extensions.swift */,
				7C6EE48F1DB6D16A000CE0FC /* CGPoint+Extensions.swift */,
				7C6EE4901DB6D16A000CE0FC /* CGVector+Extensions.swift */,
				7C6EE4911DB6D16A000CE0FC /* Int+Extensions.swift */,
				7C6EE4921DB6D16A000CE0FC /* SKAction+Extensions.swift */,
				7C6EE4931DB6D16A000CE0FC /* SKAction+SpecialEffects.swift */,
				7C6EE4941DB6D16A000CE0FC /* SKColor+Extensions.swift */,
				7C6EE4951DB6D16A000CE0FC /* SKNode+Extensions.swift */,
				7C6EE4961DB6D16A000CE0FC /* SKTAudio.swift */,
				7C6EE4971DB6D16A000CE0FC /* SKTEffects.swift */,
				7C6EE4981DB6D16A000CE0FC /* SKTTimingFunctions.swift */,
				7C6EE4991DB6D16A000CE0FC /* Vector3.swift */,
			);
			path = SKTUtils;
			sourceTree = "<group>";
		};
/* End PBXGroup section */

/* Begin PBXNativeTarget section */
		7C5C17DF1DAC272D00E48424 /* History Building */ = {
			isa = PBXNativeTarget;
			buildConfigurationList = 7C5C17F81DAC272E00E48424 /* Build configuration list for PBXNativeTarget "History Building" */;
			buildPhases = (
				7C5C17DC1DAC272D00E48424 /* Sources */,
				7C5C17DD1DAC272D00E48424 /* Frameworks */,
				7C5C17DE1DAC272D00E48424 /* Resources */,
			);
			buildRules = (
			);
			dependencies = (
			);
			name = "History Building";
			productName = "History Building";
			productReference = 7C5C17E01DAC272D00E48424 /* History Building.app */;
			productType = "com.apple.product-type.application";
		};
/* End PBXNativeTarget section */

/* Begin PBXProject section */
		7C5C17D81DAC272D00E48424 /* Project object */ = {
			isa = PBXProject;
			attributes = {
				LastSwiftUpdateCheck = 0800;
				LastUpgradeCheck = 0800;
				ORGANIZATIONNAME = RoyalInn;
				TargetAttributes = {
					7C5C17DF1DAC272D00E48424 = {
						CreatedOnToolsVersion = 8.0;
						DevelopmentTeam = 56GQH89738;
						ProvisioningStyle = Automatic;
					};
				};
			};
			buildConfigurationList = 7C5C17DB1DAC272D00E48424 /* Build configuration list for PBXProject "History Building" */;
			compatibilityVersion = "Xcode 3.2";
			developmentRegion = English;
			hasScannedForEncodings = 0;
			knownRegions = (
				en,
				Base,
			);
			mainGroup = 7C5C17D71DAC272D00E48424;
			productRefGroup = 7C5C17E11DAC272D00E48424 /* Products */;
			projectDirPath = "";
			projectRoot = "";
			targets = (
				7C5C17DF1DAC272D00E48424 /* History Building */,
			);
		};
/* End PBXProject section */

/* Begin PBXResourcesBuildPhase section */
		7C5C17DE1DAC272D00E48424 /* Resources */ = {
			isa = PBXResourcesBuildPhase;
			buildActionMask = 2147483647;
			files = (
				7C5C17EF1DAC272E00E48424 /* Main.storyboard in Resources */,
				7C5C17E61DAC272D00E48424 /* GameScene.sks in Resources */,
				7C5C17F11DAC272E00E48424 /* Assets.xcassets in Resources */,
				7C5C17F41DAC272E00E48424 /* LaunchScreen.storyboard in Resources */,
				7C5C17E81DAC272D00E48424 /* Actions.sks in Resources */,
			);
			runOnlyForDeploymentPostprocessing = 0;
		};
/* End PBXResourcesBuildPhase section */

/* Begin PBXSourcesBuildPhase section */
		7C5C17DC1DAC272D00E48424 /* Sources */ = {
			isa = PBXSourcesBuildPhase;
			buildActionMask = 2147483647;
			files = (
				7C5C17EA1DAC272D00E48424 /* GameScene.swift in Sources */,
				7C6EE49B1DB6D16A000CE0FC /* CGPoint+Extensions.swift in Sources */,
				7C6EE4A41DB6D16A000CE0FC /* SKTTimingFunctions.swift in Sources */,
				7C6EE4A31DB6D16A000CE0FC /* SKTEffects.swift in Sources */,
				7C6EE49F1DB6D16A000CE0FC /* SKAction+SpecialEffects.swift in Sources */,
				7C6EE49C1DB6D16A000CE0FC /* CGVector+Extensions.swift in Sources */,
				7C6EE49E1DB6D16A000CE0FC /* SKAction+Extensions.swift in Sources */,
				7C6EE4A01DB6D16A000CE0FC /* SKColor+Extensions.swift in Sources */,
				7C5C17EC1DAC272D00E48424 /* GameViewController.swift in Sources */,
				7C6EE49D1DB6D16A000CE0FC /* Int+Extensions.swift in Sources */,
				7C6EE4A11DB6D16A000CE0FC /* SKNode+Extensions.swift in Sources */,
				7C6EE4A21DB6D16A000CE0FC /* SKTAudio.swift in Sources */,
				7C6EE49A1DB6D16A000CE0FC /* CGFloat+Extensions.swift in Sources */,
				7C6EE4A51DB6D16A000CE0FC /* Vector3.swift in Sources */,
				7C5C17E41DAC272D00E48424 /* AppDelegate.swift in Sources */,
			);
			runOnlyForDeploymentPostprocessing = 0;
		};
/* End PBXSourcesBuildPhase section */

/* Begin PBXVariantGroup section */
		7C5C17ED1DAC272D00E48424 /* Main.storyboard */ = {
			isa = PBXVariantGroup;
			children = (
				7C5C17EE1DAC272D00E48424 /* Base */,
			);
			name = Main.storyboard;
			sourceTree = "<group>";
		};
		7C5C17F21DAC272E00E48424 /* LaunchScreen.storyboard */ = {
			isa = PBXVariantGroup;
			children = (
				7C5C17F31DAC272E00E48424 /* Base */,
			);
			name = LaunchScreen.storyboard;
			sourceTree = "<group>";
		};
/* End PBXVariantGroup section */

/* Begin XCBuildConfiguration section */
		7C5C17F61DAC272E00E48424 /* Debug */ = {
			isa = XCBuildConfiguration;
			buildSettings = {
				ALWAYS_SEARCH_USER_PATHS = NO;
				CLANG_ANALYZER_NONNULL = YES;
				CLANG_CXX_LANGUAGE_STANDARD = "gnu++0x";
				CLANG_CXX_LIBRARY = "libc++";
				CLANG_ENABLE_MODULES = YES;
				CLANG_ENABLE_OBJC_ARC = YES;
				CLANG_WARN_BOOL_CONVERSION = YES;
				CLANG_WARN_CONSTANT_CONVERSION = YES;
				CLANG_WARN_DIRECT_OBJC_ISA_USAGE = YES_ERROR;
				CLANG_WARN_DOCUMENTATION_COMMENTS = YES;
				CLANG_WARN_EMPTY_BODY = YES;
				CLANG_WARN_ENUM_CONVERSION = YES;
				CLANG_WARN_INFINITE_RECURSION = YES;
				CLANG_WARN_INT_CONVERSION = YES;
				CLANG_WARN_OBJC_ROOT_CLASS = YES_ERROR;
				CLANG_WARN_SUSPICIOUS_MOVES = YES;
				CLANG_WARN_UNREACHABLE_CODE = YES;
				CLANG_WARN__DUPLICATE_METHOD_MATCH = YES;
				"CODE_SIGN_IDENTITY[sdk=iphoneos*]" = "iPhone Developer";
				COPY_PHASE_STRIP = NO;
				DEBUG_INFORMATION_FORMAT = dwarf;
				ENABLE_STRICT_OBJC_MSGSEND = YES;
				ENABLE_TESTABILITY = YES;
				GCC_C_LANGUAGE_STANDARD = gnu99;
				GCC_DYNAMIC_NO_PIC = NO;
				GCC_NO_COMMON_BLOCKS = YES;
				GCC_OPTIMIZATION_LEVEL = 0;
				GCC_PREPROCESSOR_DEFINITIONS = (
					"DEBUG=1",
					"$(inherited)",
				);
				GCC_WARN_64_TO_32_BIT_CONVERSION = YES;
				GCC_WARN_ABOUT_RETURN_TYPE = YES_ERROR;
				GCC_WARN_UNDECLARED_SELECTOR = YES;
				GCC_WARN_UNINITIALIZED_AUTOS = YES_AGGRESSIVE;
				GCC_WARN_UNUSED_FUNCTION = YES;
				GCC_WARN_UNUSED_VARIABLE = YES;
				IPHONEOS_DEPLOYMENT_TARGET = 10.0;
				MTL_ENABLE_DEBUG_INFO = YES;
				ONLY_ACTIVE_ARCH = YES;
				SDKROOT = iphoneos;
				SWIFT_ACTIVE_COMPILATION_CONDITIONS = DEBUG;
				SWIFT_OPTIMIZATION_LEVEL = "-Onone";
				TARGETED_DEVICE_FAMILY = "1,2";
			};
			name = Debug;
		};
		7C5C17F71DAC272E00E48424 /* Release */ = {
			isa = XCBuildConfiguration;
			buildSettings = {
				ALWAYS_SEARCH_USER_PATHS = NO;
				CLANG_ANALYZER_NONNULL = YES;
				CLANG_CXX_LANGUAGE_STANDARD = "gnu++0x";
				CLANG_CXX_LIBRARY = "libc++";
				CLANG_ENABLE_MODULES = YES;
				CLANG_ENABLE_OBJC_ARC = YES;
				CLANG_WARN_BOOL_CONVERSION = YES;
				CLANG_WARN_CONSTANT_CONVERSION = YES;
				CLANG_WARN_DIRECT_OBJC_ISA_USAGE = YES_ERROR;
				CLANG_WARN_DOCUMENTATION_COMMENTS = YES;
				CLANG_WARN_EMPTY_BODY = YES;
				CLANG_WARN_ENUM_CONVERSION = YES;
				CLANG_WARN_INFINITE_RECURSION = YES;
				CLANG_WARN_INT_CONVERSION = YES;
				CLANG_WARN_OBJC_ROOT_CLASS = YES_ERROR;
				CLANG_WARN_SUSPICIOUS_MOVES = YES;
				CLANG_WARN_UNREACHABLE_CODE = YES;
				CLANG_WARN__DUPLICATE_METHOD_MATCH = YES;
				"CODE_SIGN_IDENTITY[sdk=iphoneos*]" = "iPhone Developer";
				COPY_PHASE_STRIP = NO;
				DEBUG_INFORMATION_FORMAT = "dwarf-with-dsym";
				ENABLE_NS_ASSERTIONS = NO;
				ENABLE_STRICT_OBJC_MSGSEND = YES;
				GCC_C_LANGUAGE_STANDARD = gnu99;
				GCC_NO_COMMON_BLOCKS = YES;
				GCC_WARN_64_TO_32_BIT_CONVERSION = YES;
				GCC_WARN_ABOUT_RETURN_TYPE = YES_ERROR;
				GCC_WARN_UNDECLARED_SELECTOR = YES;
				GCC_WARN_UNINITIALIZED_AUTOS = YES_AGGRESSIVE;
				GCC_WARN_UNUSED_FUNCTION = YES;
				GCC_WARN_UNUSED_VARIABLE = YES;
				IPHONEOS_DEPLOYMENT_TARGET = 10.0;
				MTL_ENABLE_DEBUG_INFO = NO;
				SDKROOT = iphoneos;
				SWIFT_OPTIMIZATION_LEVEL = "-Owholemodule";
				TARGETED_DEVICE_FAMILY = "1,2";
				VALIDATE_PRODUCT = YES;
			};
			name = Release;
		};
		7C5C17F91DAC272E00E48424 /* Debug */ = {
			isa = XCBuildConfiguration;
			buildSettings = {
				ASSETCATALOG_COMPILER_APPICON_NAME = AppIcon;
				DEVELOPMENT_TEAM = 56GQH89738;
				INFOPLIST_FILE = "History Building/Info.plist";
				LD_RUNPATH_SEARCH_PATHS = "$(inherited) @executable_path/Frameworks";
				PRODUCT_BUNDLE_IDENTIFIER = "com.royalinn.History-Building";
				PRODUCT_NAME = "$(TARGET_NAME)";
				SWIFT_VERSION = 3.0;
			};
			name = Debug;
		};
		7C5C17FA1DAC272E00E48424 /* Release */ = {
			isa = XCBuildConfiguration;
			buildSettings = {
				ASSETCATALOG_COMPILER_APPICON_NAME = AppIcon;
				DEVELOPMENT_TEAM = 56GQH89738;
				INFOPLIST_FILE = "History Building/Info.plist";
				LD_RUNPATH_SEARCH_PATHS = "$(inherited) @executable_path/Frameworks";
				PRODUCT_BUNDLE_IDENTIFIER = "com.royalinn.History-Building";
				PRODUCT_NAME = "$(TARGET_NAME)";
				SWIFT_VERSION = 3.0;
			};
			name = Release;
		};
/* End XCBuildConfiguration section */

/* Begin XCConfigurationList section */
		7C5C17DB1DAC272D00E48424 /* Build configuration list for PBXProject "History Building" */ = {
			isa = XCConfigurationList;
			buildConfigurations = (
				7C5C17F61DAC272E00E48424 /* Debug */,
				7C5C17F71DAC272E00E48424 /* Release */,
			);
			defaultConfigurationIsVisible = 0;
			defaultConfigurationName = Release;
		};
		7C5C17F81DAC272E00E48424 /* Build configuration list for PBXNativeTarget "History Building" */ = {
			isa = XCConfigurationList;
			buildConfigurations = (
				7C5C17F91DAC272E00E48424 /* Debug */,
				7C5C17FA1DAC272E00E48424 /* Release */,
			);
			defaultConfigurationIsVisible = 0;
			defaultConfigurationName = Release;
		};
/* End XCConfigurationList section */
	};
	rootObject = 7C5C17D81DAC272D00E48424 /* Project object */;
}
